<?xml version="1.0" encoding="utf-8"?>
<Project ToolsVersion="4.0" xmlns="http://schemas.microsoft.com/developer/msbuild/2003">
  <ItemGroup>
    <Filter Include="Quelldateien">
      <UniqueIdentifier>{4FC737F1-C7A5-4376-A066-2A32D752A2FF}</UniqueIdentifier>
      <Extensions>cpp;c;cc;cxx;def;odl;idl;hpj;bat;asm;asmx</Extensions>
    </Filter>
    <Filter Include="Headerdateien">
      <UniqueIdentifier>{93995380-89BD-4b04-88EB-625FBE52EBFB}</UniqueIdentifier>
      <Extensions>h;hh;hpp;hxx;hm;inl;inc;xsd</Extensions>
    </Filter>
    <Filter Include="Ressourcendateien">
      <UniqueIdentifier>{67DA6AB6-F800-4c08-8B7A-83BB121AAD01}</UniqueIdentifier>
      <Extensions>rc;ico;cur;bmp;dlg;rc2;rct;bin;rgs;gif;jpg;jpeg;jpe;resx;tiff;tif;png;wav;mfcribbon-ms</Extensions>
    </Filter>
  </ItemGroup>
  <ItemGroup>
    <Text Include="ReadMe.txt" />
  </ItemGroup>
  <ItemGroup>
    <ClInclude Include="stdafx.h">
      <Filter>Headerdateien</Filter>
    </ClInclude>
    <ClInclude Include="targetver.h">
      <Filter>Headerdateien</Filter>
    </ClInclude>
    <ClInclude Include="Resource.h">
      <Filter>Headerdateien</Filter>
    </ClInclude>
    <ClInclude Include="RF-Lab_Win32.h">
      <Filter>Headerdateien</Filter>
    </ClInclude>
    <ClInclude Include="WinSrv.h">
      <Filter>Headerdateien</Filter>
    </ClInclude>
    <ClInclude Include="agentModel.h">
      <Filter>Headerdateien</Filter>
    </ClInclude>
    <ClInclude Include="agentCom.h">
      <Filter>Headerdateien</Filter>
    </ClInclude>
    <ClInclude Include="agentModelPattern.h">
      <Filter>Headerdateien</Filter>
    </ClInclude>
    <ClInclude Include="agentModelVariant.h">
      <Filter>Headerdateien</Filter>
    </ClInclude>
    <ClInclude Include="USB_TMC.h">
      <Filter>Headerdateien</Filter>
    </ClInclude>
    <ClInclude Include="os\threads_posix.h">
      <Filter>Headerdateien</Filter>
    </ClInclude>
    <ClInclude Include="config.h">
      <Filter>Headerdateien</Filter>
    </ClInclude>
    <ClInclude Include="instruments.h">
      <Filter>Headerdateien</Filter>
    </ClInclude>
    <ClInclude Include="USB_TMC_types.h">
      <Filter>Headerdateien</Filter>
    </ClInclude>
    <ClInclude Include="externals.h">
      <Filter>Headerdateien</Filter>
    </ClInclude>
    <ClInclude Include="libusb\include\libusb.h">
      <Filter>Headerdateien</Filter>
    </ClInclude>
    <ClInclude Include="libusb\include\libusbi.h">
      <Filter>Headerdateien</Filter>
    </ClInclude>
    <ClInclude Include="libusb\include\hotplug.h">
      <Filter>Headerdateien</Filter>
    </ClInclude>
    <ClInclude Include="libusb\include\version.h">
      <Filter>Headerdateien</Filter>
    </ClInclude>
    <ClInclude Include="libusb\include\version_nano.h">
      <Filter>Headerdateien</Filter>
    </ClInclude>
    <ClInclude Include="libusb\include\os\poll_windows.h">
      <Filter>Headerdateien</Filter>
    </ClInclude>
    <ClInclude Include="libusb\include\os\threads_windows.h">
      <Filter>Headerdateien</Filter>
    </ClInclude>
    <ClInclude Include="libusb\include\os\wince_usb.h">
      <Filter>Headerdateien</Filter>
    </ClInclude>
    <ClInclude Include="libusb\include\os\windows_common.h">
      <Filter>Headerdateien</Filter>
    </ClInclude>
    <ClInclude Include="libusb\include\os\windows_nt_common.h">
      <Filter>Headerdateien</Filter>
    </ClInclude>
    <ClInclude Include="libusb\include\os\windows_nt_shared_types.h">
      <Filter>Headerdateien</Filter>
    </ClInclude>
    <ClInclude Include="libusb\include\os\windows_usbdk.h">
      <Filter>Headerdateien</Filter>
    </ClInclude>
    <ClInclude Include="libusb\include\os\windows_winusb.h">
      <Filter>Headerdateien</Filter>
    </ClInclude>
    <ClInclude Include="libusb\include\os\poll_posix.h">
      <Filter>Headerdateien</Filter>
    </ClInclude>
  </ItemGroup>
  <ItemGroup>
    <ClCompile Include="stdafx.cpp">
      <Filter>Quelldateien</Filter>
    </ClCompile>
    <ClCompile Include="RF-Lab_Win32.cpp">
      <Filter>Quelldateien</Filter>
    </ClCompile>
    <ClCompile Include="WinSrv.cpp">
      <Filter>Quelldateien</Filter>
    </ClCompile>
    <ClCompile Include="agentModel.cpp">
      <Filter>Quelldateien</Filter>
    </ClCompile>
    <ClCompile Include="agentCom.cpp">
      <Filter>Quelldateien</Filter>
    </ClCompile>
    <ClCompile Include="agentModelPattern.cpp">
      <Filter>Quelldateien</Filter>
    </ClCompile>
    <ClCompile Include="agentModelVariant.cpp">
      <Filter>Quelldateien</Filter>
    </ClCompile>
    <ClCompile Include="USB_TMC.cpp">
      <Filter>Quelldateien</Filter>
    </ClCompile>
    <ClCompile Include="instruments.cpp">
      <Filter>Quelldateien</Filter>
    </ClCompile>
  </ItemGroup>
  <ItemGroup>
    <ResourceCompile Include="RF-Lab_Win32.rc">
      <Filter>Ressourcendateien</Filter>
    </ResourceCompile>
  </ItemGroup>
  <ItemGroup>
    <Image Include="small.ico">
      <Filter>Ressourcendateien</Filter>
    </Image>
    <Image Include="RF-Lab_Win32.ico">
      <Filter>Ressourcendateien</Filter>
    </Image>
    <Image Include="icon1.ico">
      <Filter>Ressourcendateien</Filter>
    </Image>
    <Image Include="Icon_RF-Lab_256x256.ico">
      <Filter>Ressourcendateien</Filter>
    </Image>
    <Image Include="Icon_Small.ico">
      <Filter>Ressourcendateien</Filter>
    </Image>
    <Image Include="Icon_RF-Lab_32x32.ico">
      <Filter>Ressourcendateien</Filter>
    </Image>
    <Image Include="icon2.ico">
      <Filter>Ressourcendateien</Filter>
    </Image>
    <Image Include="Icon_RF-Lab_48x48.ico">
      <Filter>Ressourcendateien</Filter>
    </Image>
  </ItemGroup>
  <ItemGroup>
    <None Include="Docs\usbtmc_usb488_subclass_1_00.pdf" />
  </ItemGroup>
  <ItemGroup>
    <Library Include="libusb\lib\x64\getopt.lib" />
    <Library Include="libusb\lib\x64\libusb-1.0.lib" />
  </ItemGroup>
</Project>